
Microsoft Visual Studio Solution File, Format Version 12.00
# Visual Studio Version 17
VisualStudioVersion = 17.0.31903.59
MinimumVisualStudioVersion = 10.0.40219.1
Project("{FAE04EC0-301F-11D3-BF4B-00C04F79EFBC}") = "eCommerce Customer Rating API", "eCommerce Customer Rating API\eCommerce Customer Rating API.csproj", "{8DDB636A-12C8-47F8-ACE4-BE8CCA8E08DA}"
EndProject
Global
	GlobalSection(SolutionConfigurationPlatforms) = preSolution
		Debug|Any CPU = Debug|Any CPU
		Release|Any CPU = Release|Any CPU
	EndGlobalSection
	GlobalSection(ProjectConfigurationPlatforms) = postSolution
		{8DDB636A-12C8-47F8-ACE4-BE8CCA8E08DA}.Debug|Any CPU.ActiveCfg = Debug|Any CPU
		{8DDB636A-12C8-47F8-ACE4-BE8CCA8E08DA}.Debug|Any CPU.Build.0 = Debug|Any CPU
		{8DDB636A-12C8-47F8-ACE4-BE8CCA8E08DA}.Release|Any CPU.ActiveCfg = Release|Any CPU
		{8DDB636A-12C8-47F8-ACE4-BE8CCA8E08DA}.Release|Any CPU.Build.0 = Release|Any CPU
	EndGlobalSection
	GlobalSection(SolutionProperties) = preSolution
		HideSolutionNode = FALSE
	EndGlobalSection
	GlobalSection(ExtensibilityGlobals) = postSolution
		SolutionGuid = {1DBCFA9A-15E6-4177-BBE4-79F4D157D680}
	EndGlobalSection
EndGlobal
